{
  "version": 4,
  "terraform_version": "1.3.7",
  "serial": 347,
  "lineage": "f6fc5761-8e89-29a9-0a19-df26d0f2036b",
  "outputs": {},
  "resources": [
    {
      "mode": "managed",
      "type": "google_compute_firewall",
      "name": "ingress",
      "provider": "provider[\"registry.terraform.io/hashicorp/google\"]",
      "instances": [
        {
          "schema_version": 1,
          "attributes": {
            "allow": [
              {
                "ports": [
                  "80",
                  "22"
                ],
                "protocol": "tcp"
              },
              {
                "ports": [],
                "protocol": "icmp"
              }
            ],
            "creation_timestamp": "2023-02-21T03:01:53.308-08:00",
            "deny": [],
            "description": "",
            "destination_ranges": [],
            "direction": "INGRESS",
            "disabled": false,
            "enable_logging": null,
            "id": "projects/mostafa-salah-377213/global/firewalls/ingress-firewall",
            "log_config": [],
            "name": "ingress-firewall",
            "network": "https://www.googleapis.com/compute/v1/projects/mostafa-salah-377213/global/networks/vpc-network",
            "priority": 1000,
            "project": "mostafa-salah-377213",
            "self_link": "https://www.googleapis.com/compute/v1/projects/mostafa-salah-377213/global/firewalls/ingress-firewall",
            "source_ranges": [
              "0.0.0.0/0"
            ],
            "source_service_accounts": null,
            "source_tags": null,
            "target_service_accounts": null,
            "target_tags": null,
            "timeouts": null
          },
          "sensitive_attributes": [],
          "private": "eyJlMmJmYjczMC1lY2FhLTExZTYtOGY4OC0zNDM2M2JjN2M0YzAiOnsiY3JlYXRlIjoxMjAwMDAwMDAwMDAwLCJkZWxldGUiOjEyMDAwMDAwMDAwMDAsInVwZGF0ZSI6MTIwMDAwMDAwMDAwMH0sInNjaGVtYV92ZXJzaW9uIjoiMSJ9",
          "dependencies": [
            "google_compute_network.vpc_network"
          ]
        }
      ]
    },
    {
      "mode": "managed",
      "type": "google_compute_firewall",
      "name": "outgress",
      "provider": "provider[\"registry.terraform.io/hashicorp/google\"]",
      "instances": [
        {
          "schema_version": 1,
          "attributes": {
            "allow": [
              {
                "ports": [
                  ""
                ],
                "protocol": "tcp"
              },
              {
                "ports": [],
                "protocol": "icmp"
              }
            ],
            "creation_timestamp": "2023-02-21T03:01:53.307-08:00",
            "deny": [],
            "description": "",
            "destination_ranges": [
              "0.0.0.0/0"
            ],
            "direction": "EGRESS",
            "disabled": false,
            "enable_logging": null,
            "id": "projects/mostafa-salah-377213/global/firewalls/egress-firewall",
            "log_config": [],
            "name": "egress-firewall",
            "network": "https://www.googleapis.com/compute/v1/projects/mostafa-salah-377213/global/networks/vpc-network",
            "priority": 1000,
            "project": "mostafa-salah-377213",
            "self_link": "https://www.googleapis.com/compute/v1/projects/mostafa-salah-377213/global/firewalls/egress-firewall",
            "source_ranges": null,
            "source_service_accounts": null,
            "source_tags": null,
            "target_service_accounts": null,
            "target_tags": null,
            "timeouts": null
          },
          "sensitive_attributes": [],
          "private": "eyJlMmJmYjczMC1lY2FhLTExZTYtOGY4OC0zNDM2M2JjN2M0YzAiOnsiY3JlYXRlIjoxMjAwMDAwMDAwMDAwLCJkZWxldGUiOjEyMDAwMDAwMDAwMDAsInVwZGF0ZSI6MTIwMDAwMDAwMDAwMH0sInNjaGVtYV92ZXJzaW9uIjoiMSJ9",
          "dependencies": [
            "google_compute_network.vpc_network"
          ]
        }
      ]
    },
    {
      "mode": "managed",
      "type": "google_compute_instance",
      "name": "myinstance",
      "provider": "provider[\"registry.terraform.io/hashicorp/google\"]",
      "instances": [
        {
          "schema_version": 6,
          "attributes": {
            "advanced_machine_features": [],
            "allow_stopping_for_update": null,
            "attached_disk": [],
            "boot_disk": [
              {
                "auto_delete": true,
                "device_name": "persistent-disk-0",
                "disk_encryption_key_raw": "",
                "disk_encryption_key_sha256": "",
                "initialize_params": [
                  {
                    "image": "https://www.googleapis.com/compute/v1/projects/debian-cloud/global/images/debian-11-bullseye-v20230206",
                    "labels": {
                      "my_label": "value"
                    },
                    "size": 10,
                    "type": "pd-standard"
                  }
                ],
                "kms_key_self_link": "",
                "mode": "READ_WRITE",
                "source": "https://www.googleapis.com/compute/v1/projects/mostafa-salah-377213/zones/asia-east1-b/disks/myinstance"
              }
            ],
            "can_ip_forward": false,
            "confidential_instance_config": [],
            "cpu_platform": "Intel Broadwell",
            "current_status": "RUNNING",
            "deletion_protection": false,
            "description": "",
            "desired_status": null,
            "enable_display": false,
            "guest_accelerator": [],
            "hostname": "",
            "id": "projects/mostafa-salah-377213/zones/asia-east1-b/instances/myinstance",
            "instance_id": "8431180681087359526",
            "label_fingerprint": "42WmSpB8rSM=",
            "labels": null,
            "machine_type": "e2-small",
            "metadata": null,
            "metadata_fingerprint": "dj7ojgGZ6Uk=",
            "metadata_startup_script": null,
            "min_cpu_platform": "",
            "name": "myinstance",
            "network_interface": [
              {
                "access_config": [
                  {
                    "nat_ip": "35.229.145.105",
                    "network_tier": "PREMIUM",
                    "public_ptr_domain_name": ""
                  }
                ],
                "alias_ip_range": [],
                "ipv6_access_config": [],
                "ipv6_access_type": "",
                "name": "nic0",
                "network": "https://www.googleapis.com/compute/v1/projects/mostafa-salah-377213/global/networks/vpc-network",
                "network_ip": "10.0.0.2",
                "nic_type": "",
                "queue_count": 0,
                "stack_type": "IPV4_ONLY",
                "subnetwork": "https://www.googleapis.com/compute/v1/projects/mostafa-salah-377213/regions/asia-east1/subnetworks/managment",
                "subnetwork_project": "mostafa-salah-377213"
              }
            ],
            "project": "mostafa-salah-377213",
            "reservation_affinity": [],
            "resource_policies": null,
            "scheduling": [
              {
                "automatic_restart": true,
                "instance_termination_action": "",
                "min_node_cpus": 0,
                "node_affinities": [],
                "on_host_maintenance": "MIGRATE",
                "preemptible": false,
                "provisioning_model": "STANDARD"
              }
            ],
            "scratch_disk": [],
            "self_link": "https://www.googleapis.com/compute/v1/projects/mostafa-salah-377213/zones/asia-east1-b/instances/myinstance",
            "service_account": [
              {
                "email": "service-cluster@mostafa-salah-377213.iam.gserviceaccount.com",
                "scopes": [
                  "https://www.googleapis.com/auth/cloud-platform"
                ]
              }
            ],
            "shielded_instance_config": [
              {
                "enable_integrity_monitoring": true,
                "enable_secure_boot": false,
                "enable_vtpm": true
              }
            ],
            "tags": null,
            "tags_fingerprint": "42WmSpB8rSM=",
            "timeouts": null,
            "zone": "asia-east1-b"
          },
          "sensitive_attributes": [],
          "private": "eyJlMmJmYjczMC1lY2FhLTExZTYtOGY4OC0zNDM2M2JjN2M0YzAiOnsiY3JlYXRlIjoxMjAwMDAwMDAwMDAwLCJkZWxldGUiOjEyMDAwMDAwMDAwMDAsInVwZGF0ZSI6MTIwMDAwMDAwMDAwMH0sInNjaGVtYV92ZXJzaW9uIjoiNiJ9",
          "dependencies": [
            "google_compute_network.vpc_network",
            "google_compute_subnetwork.managment",
            "google_service_account.cluster-service"
          ]
        }
      ]
    },
    {
      "mode": "managed",
      "type": "google_compute_network",
      "name": "vpc_network",
      "provider": "provider[\"registry.terraform.io/hashicorp/google\"]",
      "instances": [
        {
          "schema_version": 0,
          "attributes": {
            "auto_create_subnetworks": false,
            "delete_default_routes_on_create": false,
            "description": "",
            "enable_ula_internal_ipv6": false,
            "gateway_ipv4": "",
            "id": "projects/mostafa-salah-377213/global/networks/vpc-network",
            "internal_ipv6_range": "",
            "mtu": 0,
            "name": "vpc-network",
            "project": "mostafa-salah-377213",
            "routing_mode": "REGIONAL",
            "self_link": "https://www.googleapis.com/compute/v1/projects/mostafa-salah-377213/global/networks/vpc-network",
            "timeouts": null
          },
          "sensitive_attributes": [],
          "private": "eyJlMmJmYjczMC1lY2FhLTExZTYtOGY4OC0zNDM2M2JjN2M0YzAiOnsiY3JlYXRlIjoxMjAwMDAwMDAwMDAwLCJkZWxldGUiOjEyMDAwMDAwMDAwMDAsInVwZGF0ZSI6MTIwMDAwMDAwMDAwMH19"
        }
      ]
    },
    {
      "mode": "managed",
      "type": "google_compute_router",
      "name": "router",
      "provider": "provider[\"registry.terraform.io/hashicorp/google\"]",
      "instances": [
        {
          "schema_version": 0,
          "attributes": {
            "bgp": [
              {
                "advertise_mode": "DEFAULT",
                "advertised_groups": null,
                "advertised_ip_ranges": [],
                "asn": 64514,
                "keepalive_interval": 20
              }
            ],
            "creation_timestamp": "2023-02-21T03:02:32.684-08:00",
            "description": "",
            "encrypted_interconnect_router": false,
            "id": "projects/mostafa-salah-377213/regions/asia-east1/routers/my-router",
            "name": "my-router",
            "network": "https://www.googleapis.com/compute/v1/projects/mostafa-salah-377213/global/networks/vpc-network",
            "project": "mostafa-salah-377213",
            "region": "asia-east1",
            "self_link": "https://www.googleapis.com/compute/v1/projects/mostafa-salah-377213/regions/asia-east1/routers/my-router",
            "timeouts": null
          },
          "sensitive_attributes": [],
          "private": "eyJlMmJmYjczMC1lY2FhLTExZTYtOGY4OC0zNDM2M2JjN2M0YzAiOnsiY3JlYXRlIjoxMjAwMDAwMDAwMDAwLCJkZWxldGUiOjEyMDAwMDAwMDAwMDAsInVwZGF0ZSI6MTIwMDAwMDAwMDAwMH19",
          "dependencies": [
            "google_compute_network.vpc_network",
            "google_compute_subnetwork.managment"
          ]
        }
      ]
    },
    {
      "mode": "managed",
      "type": "google_compute_router_nat",
      "name": "nat",
      "provider": "provider[\"registry.terraform.io/hashicorp/google\"]",
      "instances": [
        {
          "schema_version": 0,
          "attributes": {
            "drain_nat_ips": null,
            "enable_dynamic_port_allocation": false,
            "enable_endpoint_independent_mapping": true,
            "icmp_idle_timeout_sec": 30,
            "id": "mostafa-salah-377213/asia-east1/my-router/my-router-nat",
            "log_config": [
              {
                "enable": true,
                "filter": "ERRORS_ONLY"
              }
            ],
            "max_ports_per_vm": 0,
            "min_ports_per_vm": 0,
            "name": "my-router-nat",
            "nat_ip_allocate_option": "AUTO_ONLY",
            "nat_ips": null,
            "project": "mostafa-salah-377213",
            "region": "asia-east1",
            "router": "my-router",
            "rules": [],
            "source_subnetwork_ip_ranges_to_nat": "LIST_OF_SUBNETWORKS",
            "subnetwork": [
              {
                "name": "projects/mostafa-salah-377213/regions/asia-east1/subnetworks/managment",
                "secondary_ip_range_names": [],
                "source_ip_ranges_to_nat": [
                  "ALL_IP_RANGES"
                ]
              }
            ],
            "tcp_established_idle_timeout_sec": 1200,
            "tcp_time_wait_timeout_sec": 120,
            "tcp_transitory_idle_timeout_sec": 30,
            "timeouts": null,
            "udp_idle_timeout_sec": 30
          },
          "sensitive_attributes": [],
          "private": "eyJlMmJmYjczMC1lY2FhLTExZTYtOGY4OC0zNDM2M2JjN2M0YzAiOnsiY3JlYXRlIjoxMjAwMDAwMDAwMDAwLCJkZWxldGUiOjEyMDAwMDAwMDAwMDAsInVwZGF0ZSI6MTIwMDAwMDAwMDAwMH19",
          "dependencies": [
            "google_compute_network.vpc_network",
            "google_compute_router.router",
            "google_compute_subnetwork.managment"
          ]
        }
      ]
    },
    {
      "mode": "managed",
      "type": "google_compute_subnetwork",
      "name": "managment",
      "provider": "provider[\"registry.terraform.io/hashicorp/google\"]",
      "instances": [
        {
          "schema_version": 0,
          "attributes": {
            "creation_timestamp": "2023-02-21T03:01:54.391-08:00",
            "description": "",
            "external_ipv6_prefix": "",
            "fingerprint": null,
            "gateway_address": "10.0.0.1",
            "id": "projects/mostafa-salah-377213/regions/asia-east1/subnetworks/managment",
            "ip_cidr_range": "10.0.0.0/24",
            "ipv6_access_type": "",
            "ipv6_cidr_range": "",
            "log_config": [],
            "name": "managment",
            "network": "https://www.googleapis.com/compute/v1/projects/mostafa-salah-377213/global/networks/vpc-network",
            "private_ip_google_access": true,
            "private_ipv6_google_access": "DISABLE_GOOGLE_ACCESS",
            "project": "mostafa-salah-377213",
            "purpose": "PRIVATE",
            "region": "asia-east1",
            "role": "",
            "secondary_ip_range": [
              {
                "ip_cidr_range": "192.168.10.0/24",
                "range_name": "tf-test-secondary-range-update1"
              }
            ],
            "self_link": "https://www.googleapis.com/compute/v1/projects/mostafa-salah-377213/regions/asia-east1/subnetworks/managment",
            "stack_type": "IPV4_ONLY",
            "timeouts": null
          },
          "sensitive_attributes": [],
          "private": "eyJlMmJmYjczMC1lY2FhLTExZTYtOGY4OC0zNDM2M2JjN2M0YzAiOnsiY3JlYXRlIjoxMjAwMDAwMDAwMDAwLCJkZWxldGUiOjEyMDAwMDAwMDAwMDAsInVwZGF0ZSI6MTIwMDAwMDAwMDAwMH19",
          "dependencies": [
            "google_compute_network.vpc_network"
          ]
        }
      ]
    },
    {
      "mode": "managed",
      "type": "google_compute_subnetwork",
      "name": "restricted",
      "provider": "provider[\"registry.terraform.io/hashicorp/google\"]",
      "instances": [
        {
          "schema_version": 0,
          "attributes": {
            "creation_timestamp": "2023-02-21T03:01:55.880-08:00",
            "description": "",
            "external_ipv6_prefix": "",
            "fingerprint": null,
            "gateway_address": "10.0.1.1",
            "id": "projects/mostafa-salah-377213/regions/asia-east1/subnetworks/restricted",
            "ip_cidr_range": "10.0.1.0/24",
            "ipv6_access_type": "",
            "ipv6_cidr_range": "",
            "log_config": [],
            "name": "restricted",
            "network": "https://www.googleapis.com/compute/v1/projects/mostafa-salah-377213/global/networks/vpc-network",
            "private_ip_google_access": false,
            "private_ipv6_google_access": "DISABLE_GOOGLE_ACCESS",
            "project": "mostafa-salah-377213",
            "purpose": "PRIVATE",
            "region": "asia-east1",
            "role": "",
            "secondary_ip_range": [
              {
                "ip_cidr_range": "192.168.20.0/24",
                "range_name": "tf-test-secondary-range-update1"
              }
            ],
            "self_link": "https://www.googleapis.com/compute/v1/projects/mostafa-salah-377213/regions/asia-east1/subnetworks/restricted",
            "stack_type": "IPV4_ONLY",
            "timeouts": null
          },
          "sensitive_attributes": [],
          "private": "eyJlMmJmYjczMC1lY2FhLTExZTYtOGY4OC0zNDM2M2JjN2M0YzAiOnsiY3JlYXRlIjoxMjAwMDAwMDAwMDAwLCJkZWxldGUiOjEyMDAwMDAwMDAwMDAsInVwZGF0ZSI6MTIwMDAwMDAwMDAwMH19",
          "dependencies": [
            "google_compute_network.vpc_network"
          ]
        }
      ]
    },
    {
      "mode": "managed",
      "type": "google_container_cluster",
      "name": "app_cluster",
      "provider": "provider[\"registry.terraform.io/hashicorp/google\"]",
      "instances": [
        {
          "schema_version": 1,
          "attributes": {
            "addons_config": [
              {
                "cloudrun_config": [],
                "config_connector_config": [],
                "dns_cache_config": [],
                "gce_persistent_disk_csi_driver_config": [
                  {
                    "enabled": true
                  }
                ],
                "gcp_filestore_csi_driver_config": [],
                "gke_backup_agent_config": [],
                "horizontal_pod_autoscaling": [],
                "http_load_balancing": [],
                "network_policy_config": [
                  {
                    "disabled": true
                  }
                ]
              }
            ],
            "authenticator_groups_config": [],
            "binary_authorization": [
              {
                "enabled": false,
                "evaluation_mode": ""
              }
            ],
            "cluster_autoscaling": [
              {
                "auto_provisioning_defaults": [],
                "enabled": false,
                "resource_limits": []
              }
            ],
            "cluster_ipv4_cidr": "10.140.0.0/14",
            "confidential_nodes": [],
            "cost_management_config": [],
            "database_encryption": [
              {
                "key_name": "",
                "state": "DECRYPTED"
              }
            ],
            "datapath_provider": "",
            "default_max_pods_per_node": 110,
            "default_snat_status": [
              {
                "disabled": false
              }
            ],
            "description": "",
            "dns_config": [],
            "enable_autopilot": false,
            "enable_binary_authorization": false,
            "enable_intranode_visibility": false,
            "enable_kubernetes_alpha": false,
            "enable_l4_ilb_subsetting": false,
            "enable_legacy_abac": false,
            "enable_shielded_nodes": true,
            "enable_tpu": false,
            "endpoint": "172.16.0.2",
            "gateway_api_config": [],
            "id": "projects/mostafa-salah-377213/locations/asia-east1-a/clusters/app-cluster",
            "initial_node_count": 1,
            "ip_allocation_policy": [
              {
                "cluster_ipv4_cidr_block": "10.140.0.0/14",
                "cluster_secondary_range_name": "gke-app-cluster-pods-5677d6b0",
                "services_ipv4_cidr_block": "10.144.0.0/20",
                "services_secondary_range_name": "gke-app-cluster-services-5677d6b0"
              }
            ],
            "label_fingerprint": "a9dc16a7",
            "location": "asia-east1-a",
            "logging_config": [
              {
                "enable_components": [
                  "SYSTEM_COMPONENTS",
                  "WORKLOADS"
                ]
              }
            ],
            "logging_service": "logging.googleapis.com/kubernetes",
            "maintenance_policy": [],
            "master_auth": [
              {
                "client_certificate": "",
                "client_certificate_config": [
                  {
                    "issue_client_certificate": false
                  }
                ],
                "client_key": "",
                "cluster_ca_certificate": "LS0tLS1CRUdJTiBDRVJUSUZJQ0FURS0tLS0tCk1JSUVMRENDQXBTZ0F3SUJBZ0lRTUZZY1VPejhGYXI5bW5VeTZxWEdXVEFOQmdrcWhraUc5dzBCQVFzRkFEQXYKTVMwd0t3WURWUVFERXlReE9UVmxaVFF6TkMwNU5UVTJMVFF3TldRdFlqZzFNeTB6TnpKbFltRmhOVGN6WVdFdwpJQmNOTWpNd01qSXhNVEF3TWpNMVdoZ1BNakExTXpBeU1UTXhNVEF5TXpWYU1DOHhMVEFyQmdOVkJBTVRKREU1Ck5XVmxORE0wTFRrMU5UWXROREExWkMxaU9EVXpMVE0zTW1WaVlXRTFOek5oWVRDQ0FhSXdEUVlKS29aSWh2Y04KQVFFQkJRQURnZ0dQQURDQ0FZb0NnZ0dCQUxodGRwSE1NZzBLY09sSVdoZWtJZ1lXampHampkdGJzelVjUG8wbAo2QWZWdjdrclFzV0ZFSWgvM2JEbXVGTlI0eTRnaG5KQTNidDhVanl4b25NTmp4ajh6VFVoZ0VTVnVPcXNtVFNwCktKQ3hMRTlDNk1nM0JxaHFTWFlpa2t6Q0F4TXdTM2xLUUFJM2pTTHp4U2FPeWJtUFhza1VrUWxKTEFzUElXRTkKQ01IdlNzYTJ0NzB1QWwyRkh0UVdSUFNJaTJFZXEyNnpwMlRWdnZncTRkdElDTTQvU0YxV2VRUERnQ015SCsrOApWKzVyWUIyZE1RVXkyZnFVRnFwMUpiQ0hEWWxpd0dCUFJXY2NJcVB5by9iZ1UyMmVCbmwvQjJVVmdab2Q1QkJwCjUrVFF4WXRJd1pRRm9vSjlBNmcwY1FYK0ZFdnJUMDlRNmErcTNUbTVpd0FEZm5ZWUl6V1kvcldxaUdSbjVxNmEKWUd4VVREamNzcmt6dzViTlJ0WUUvSFRHMDhxRmEzTUEzaHlXcm1hTVBKcVQwaG4zQWRvaE8yM0pTYk1Ra1JLKwpZM1pxWk9Qa0ljK001cU42UXlUWUZtMEdPOXoyZ0JvMGVsNG5vdktPbHptdzlocGZtaUdVbm9Qd0I2dnZRaG1mCnBsM2Y1aHlNOXpaNFN6RU1MRHhsaEdKNjJRSURBUUFCbzBJd1FEQU9CZ05WSFE4QkFmOEVCQU1DQWdRd0R3WUQKVlIwVEFRSC9CQVV3QXdFQi96QWRCZ05WSFE0RUZnUVVEdWJ3aDNGOFhaYkJMdklRLzdGNnlQbVo2T0F3RFFZSgpLb1pJaHZjTkFRRUxCUUFEZ2dHQkFFVXVEWjZFUEloN05uazRWL1lLVVlHeXRKWDVlaTE3MlVJS0RlQ2tuekxuCnZ6UjhrM3FQVWFMTUtEbDJiVFQ0Rzlrak1Zd1FaQktrdys4bVdoUllKOUxRQVBhbW80SW9KUDJUdTFKRFh1SUkKRWxTL2k3K0xpdGxrRTFteXlvbk5icFdpU2tRUzRZV2RHNi8rNWFoRlV3Q3FxWFF5Z2t3Ulhjai9oQVJHWWpaRAp4Qnp4WmJiUzE2RE04ejNGcUtJVnNNWGxNMncvSllkdjIxWmNvK1l5TFI2Y2NQL1BFNmVMSUowZlZCSW5uRXJPCmJwMTh2ejV1dTVaZDgxc3NsODZ2RTlqOGFWYjFJQVIvYXF1aHRoN3pCZVlSRDBxVXhEU0E1NGd1NzBiTlgrc3YKNmVaanBWb280cnYyKy9zdkQzUkpoYWRocWRtY1BrZ3pJRVd6ZWo0bVlkYm5iTG1VblZmSjRCSjg2MDNxT2IzRApiUHpzL1FTdEgweXNic2hVTjE2ellKMzE2ZkhzaE0rMGMyQzBmKzNGWlAxWHFhTnNaYWJXMUttTEZ0bExLV01tCkFiNHZhRWZLeGR3dUZ3RGo1QmViVFRnU2FLcC9VaGUxSEg4eVhraEpKUHNnTitPOFlGTG1BY1hUYm5YY29wV1UKOGR0Q0pYV0pqOEdwZnh2OWJib0dLQT09Ci0tLS0tRU5EIENFUlRJRklDQVRFLS0tLS0K"
              }
            ],
            "master_authorized_networks_config": [
              {
                "cidr_blocks": [
                  {
                    "cidr_block": "10.0.0.0/24",
                    "display_name": "External Control Plane access"
                  }
                ],
                "gcp_public_cidrs_access_enabled": false
              }
            ],
            "master_version": "1.23.14-gke.1800",
            "mesh_certificates": [],
            "min_master_version": null,
            "monitoring_config": [
              {
                "enable_components": [
                  "SYSTEM_COMPONENTS"
                ],
                "managed_prometheus": []
              }
            ],
            "monitoring_service": "monitoring.googleapis.com/kubernetes",
            "name": "app-cluster",
            "network": "projects/mostafa-salah-377213/global/networks/vpc-network",
            "network_policy": [
              {
                "enabled": false,
                "provider": "PROVIDER_UNSPECIFIED"
              }
            ],
            "networking_mode": "VPC_NATIVE",
            "node_config": [],
            "node_locations": [],
            "node_pool": [],
            "node_pool_defaults": [
              {
                "node_config_defaults": [
                  {
                    "logging_variant": "DEFAULT"
                  }
                ]
              }
            ],
            "node_version": "1.23.14-gke.1800",
            "notification_config": [
              {
                "pubsub": [
                  {
                    "enabled": false,
                    "filter": [],
                    "topic": ""
                  }
                ]
              }
            ],
            "operation": null,
            "private_cluster_config": [
              {
                "enable_private_endpoint": true,
                "enable_private_nodes": true,
                "master_global_access_config": [
                  {
                    "enabled": false
                  }
                ],
                "master_ipv4_cidr_block": "172.16.0.0/28",
                "peering_name": "gke-na2933ab015ff2845e00-5ac1-5309-peer",
                "private_endpoint": "172.16.0.2",
                "private_endpoint_subnetwork": "",
                "public_endpoint": "35.236.158.102"
              }
            ],
            "private_ipv6_google_access": "",
            "project": "mostafa-salah-377213",
            "release_channel": [
              {
                "channel": "STABLE"
              }
            ],
            "remove_default_node_pool": true,
            "resource_labels": null,
            "resource_usage_export_config": [],
            "self_link": "https://container.googleapis.com/v1/projects/mostafa-salah-377213/zones/asia-east1-a/clusters/app-cluster",
            "service_external_ips_config": [
              {
                "enabled": false
              }
            ],
            "services_ipv4_cidr": "10.144.0.0/20",
            "subnetwork": "projects/mostafa-salah-377213/regions/asia-east1/subnetworks/restricted",
            "timeouts": null,
            "tpu_ipv4_cidr_block": "",
            "vertical_pod_autoscaling": [],
            "workload_identity_config": []
          },
          "sensitive_attributes": [],
          "private": "eyJlMmJmYjczMC1lY2FhLTExZTYtOGY4OC0zNDM2M2JjN2M0YzAiOnsiY3JlYXRlIjoyNDAwMDAwMDAwMDAwLCJkZWxldGUiOjI0MDAwMDAwMDAwMDAsInJlYWQiOjI0MDAwMDAwMDAwMDAsInVwZGF0ZSI6MzYwMDAwMDAwMDAwMH0sInNjaGVtYV92ZXJzaW9uIjoiMSJ9",
          "dependencies": [
            "google_compute_network.vpc_network",
            "google_compute_subnetwork.managment",
            "google_compute_subnetwork.restricted"
          ]
        }
      ]
    },
    {
      "mode": "managed",
      "type": "google_container_node_pool",
      "name": "app_cluster_linux_node_pool",
      "provider": "provider[\"registry.terraform.io/hashicorp/google\"]",
      "instances": [
        {
          "schema_version": 1,
          "attributes": {
            "autoscaling": [
              {
                "location_policy": "",
                "max_node_count": 3,
                "min_node_count": 1,
                "total_max_node_count": 0,
                "total_min_node_count": 0
              }
            ],
            "cluster": "app-cluster",
            "id": "projects/mostafa-salah-377213/locations/asia-east1-a/clusters/app-cluster/nodePools/app-cluster--linux-node-pool",
            "initial_node_count": 1,
            "instance_group_urls": [
              "https://www.googleapis.com/compute/v1/projects/mostafa-salah-377213/zones/asia-east1-b/instanceGroupManagers/gke-app-cluster-app-cluster--linux-no-cb9e5def-grp"
            ],
            "location": "asia-east1-a",
            "managed_instance_group_urls": [
              "https://www.googleapis.com/compute/v1/projects/mostafa-salah-377213/zones/asia-east1-b/instanceGroups/gke-app-cluster-app-cluster--linux-no-cb9e5def-grp"
            ],
            "management": [
              {
                "auto_repair": true,
                "auto_upgrade": true
              }
            ],
            "max_pods_per_node": 110,
            "name": "app-cluster--linux-node-pool",
            "name_prefix": "",
            "network_config": [
              {
                "create_pod_range": false,
                "enable_private_nodes": false,
                "pod_ipv4_cidr_block": "10.140.0.0/14",
                "pod_range": "gke-app-cluster-pods-5677d6b0"
              }
            ],
            "node_config": [
              {
                "boot_disk_kms_key": "",
                "disk_size_gb": 100,
                "disk_type": "pd-standard",
                "gcfs_config": [],
                "guest_accelerator": [],
                "gvnic": [],
                "image_type": "COS_CONTAINERD",
                "kubelet_config": [],
                "labels": {
                  "cluster": "app-cluster"
                },
                "linux_node_config": [],
                "local_ssd_count": 0,
                "logging_variant": "DEFAULT",
                "machine_type": "e2-standard-4",
                "metadata": {
                  "disable-legacy-endpoints": "true"
                },
                "min_cpu_platform": "",
                "node_group": "",
                "oauth_scopes": [
                  "https://www.googleapis.com/auth/cloud-platform"
                ],
                "preemptible": true,
                "reservation_affinity": [],
                "resource_labels": null,
                "service_account": "gcr-service@mostafa-salah-377213.iam.gserviceaccount.com",
                "shielded_instance_config": [
                  {
                    "enable_integrity_monitoring": true,
                    "enable_secure_boot": false
                  }
                ],
                "spot": false,
                "tags": null,
                "taint": [],
                "workload_metadata_config": []
              }
            ],
            "node_count": 1,
            "node_locations": [
              "asia-east1-b"
            ],
            "operation": null,
            "placement_policy": [],
            "project": "mostafa-salah-377213",
            "timeouts": null,
            "upgrade_settings": [
              {
                "blue_green_settings": [],
                "max_surge": 1,
                "max_unavailable": 0,
                "strategy": "SURGE"
              }
            ],
            "version": "1.23.14-gke.1800"
          },
          "sensitive_attributes": [],
          "private": "eyJlMmJmYjczMC1lY2FhLTExZTYtOGY4OC0zNDM2M2JjN2M0YzAiOnsiY3JlYXRlIjoxODAwMDAwMDAwMDAwLCJkZWxldGUiOjE4MDAwMDAwMDAwMDAsInVwZGF0ZSI6MTgwMDAwMDAwMDAwMH0sInNjaGVtYV92ZXJzaW9uIjoiMSJ9",
          "dependencies": [
            "google_compute_network.vpc_network",
            "google_compute_subnetwork.managment",
            "google_compute_subnetwork.restricted",
            "google_container_cluster.app_cluster",
            "google_service_account.gcr-service"
          ]
        }
      ]
    },
    {
      "mode": "managed",
      "type": "google_project_iam_binding",
      "name": "admin-account-iam",
      "provider": "provider[\"registry.terraform.io/hashicorp/google\"]",
      "instances": [
        {
          "schema_version": 0,
          "attributes": {
            "condition": [],
            "etag": "BwX1M7SWG0E=",
            "id": "mostafa-salah-377213/roles/container.admin",
            "members": [
              "serviceAccount:service-cluster@mostafa-salah-377213.iam.gserviceaccount.com"
            ],
            "project": "mostafa-salah-377213",
            "role": "roles/container.admin"
          },
          "sensitive_attributes": [],
          "private": "bnVsbA=="
        }
      ]
    },
    {
      "mode": "managed",
      "type": "google_project_iam_binding",
      "name": "admin-gcr-iam",
      "provider": "provider[\"registry.terraform.io/hashicorp/google\"]",
      "instances": [
        {
          "schema_version": 0,
          "attributes": {
            "condition": [],
            "etag": "BwX1M7SWG0E=",
            "id": "mostafa-salah-377213/roles/storage.objectViewer",
            "members": [
              "serviceAccount:gcr-service@mostafa-salah-377213.iam.gserviceaccount.com"
            ],
            "project": "mostafa-salah-377213",
            "role": "roles/storage.objectViewer"
          },
          "sensitive_attributes": [],
          "private": "bnVsbA=="
        }
      ]
    },
    {
      "mode": "managed",
      "type": "google_service_account",
      "name": "cluster-service",
      "provider": "provider[\"registry.terraform.io/hashicorp/google\"]",
      "instances": [
        {
          "schema_version": 0,
          "attributes": {
            "account_id": "service-cluster",
            "description": "",
            "disabled": false,
            "display_name": "cluster",
            "email": "service-cluster@mostafa-salah-377213.iam.gserviceaccount.com",
            "id": "projects/mostafa-salah-377213/serviceAccounts/service-cluster@mostafa-salah-377213.iam.gserviceaccount.com",
            "member": "serviceAccount:service-cluster@mostafa-salah-377213.iam.gserviceaccount.com",
            "name": "projects/mostafa-salah-377213/serviceAccounts/service-cluster@mostafa-salah-377213.iam.gserviceaccount.com",
            "project": "mostafa-salah-377213",
            "timeouts": null,
            "unique_id": "100831515666864281154"
          },
          "sensitive_attributes": [],
          "private": "eyJlMmJmYjczMC1lY2FhLTExZTYtOGY4OC0zNDM2M2JjN2M0YzAiOnsiY3JlYXRlIjozMDAwMDAwMDAwMDB9fQ=="
        }
      ]
    },
    {
      "mode": "managed",
      "type": "google_service_account",
      "name": "gcr-service",
      "provider": "provider[\"registry.terraform.io/hashicorp/google\"]",
      "instances": [
        {
          "schema_version": 0,
          "attributes": {
            "account_id": "gcr-service",
            "description": "",
            "disabled": false,
            "display_name": "gcr-pull-image",
            "email": "gcr-service@mostafa-salah-377213.iam.gserviceaccount.com",
            "id": "projects/mostafa-salah-377213/serviceAccounts/gcr-service@mostafa-salah-377213.iam.gserviceaccount.com",
            "member": "serviceAccount:gcr-service@mostafa-salah-377213.iam.gserviceaccount.com",
            "name": "projects/mostafa-salah-377213/serviceAccounts/gcr-service@mostafa-salah-377213.iam.gserviceaccount.com",
            "project": "mostafa-salah-377213",
            "timeouts": null,
            "unique_id": "116735458503346868174"
          },
          "sensitive_attributes": [],
          "private": "eyJlMmJmYjczMC1lY2FhLTExZTYtOGY4OC0zNDM2M2JjN2M0YzAiOnsiY3JlYXRlIjozMDAwMDAwMDAwMDB9fQ=="
        }
      ]
    }
  ],
  "check_results": null
}
