{
  "version": 4,
  "terraform_version": "1.3.7",
  "serial": 193,
  "lineage": "f6fc5761-8e89-29a9-0a19-df26d0f2036b",
  "outputs": {},
  "resources": [
    {
      "mode": "managed",
      "type": "google_compute_network",
      "name": "vpc_network",
      "provider": "provider[\"registry.terraform.io/hashicorp/google\"]",
      "instances": [
        {
          "schema_version": 0,
          "attributes": {
            "auto_create_subnetworks": false,
            "delete_default_routes_on_create": false,
            "description": "",
            "enable_ula_internal_ipv6": false,
            "gateway_ipv4": "",
            "id": "projects/mostafa-salah-377213/global/networks/vpc-network",
            "internal_ipv6_range": "",
            "mtu": 0,
            "name": "vpc-network",
            "project": "mostafa-salah-377213",
            "routing_mode": "REGIONAL",
            "self_link": "https://www.googleapis.com/compute/v1/projects/mostafa-salah-377213/global/networks/vpc-network",
            "timeouts": null
          },
          "sensitive_attributes": [],
          "private": "eyJlMmJmYjczMC1lY2FhLTExZTYtOGY4OC0zNDM2M2JjN2M0YzAiOnsiY3JlYXRlIjoxMjAwMDAwMDAwMDAwLCJkZWxldGUiOjEyMDAwMDAwMDAwMDAsInVwZGF0ZSI6MTIwMDAwMDAwMDAwMH19"
        }
      ]
    },
    {
      "mode": "managed",
      "type": "google_compute_subnetwork",
      "name": "managment",
      "provider": "provider[\"registry.terraform.io/hashicorp/google\"]",
      "instances": [
        {
          "schema_version": 0,
          "attributes": {
            "creation_timestamp": "2023-02-20T06:17:20.340-08:00",
            "description": "",
            "external_ipv6_prefix": "",
            "fingerprint": null,
            "gateway_address": "10.0.0.1",
            "id": "projects/mostafa-salah-377213/regions/asia-east1/subnetworks/managment",
            "ip_cidr_range": "10.0.0.0/24",
            "ipv6_access_type": "",
            "ipv6_cidr_range": "",
            "log_config": [],
            "name": "managment",
            "network": "https://www.googleapis.com/compute/v1/projects/mostafa-salah-377213/global/networks/vpc-network",
            "private_ip_google_access": true,
            "private_ipv6_google_access": "DISABLE_GOOGLE_ACCESS",
            "project": "mostafa-salah-377213",
            "purpose": "PRIVATE",
            "region": "asia-east1",
            "role": "",
            "secondary_ip_range": [
              {
                "ip_cidr_range": "192.168.10.0/24",
                "range_name": "tf-test-secondary-range-update1"
              }
            ],
            "self_link": "https://www.googleapis.com/compute/v1/projects/mostafa-salah-377213/regions/asia-east1/subnetworks/managment",
            "stack_type": "IPV4_ONLY",
            "timeouts": null
          },
          "sensitive_attributes": [],
          "private": "eyJlMmJmYjczMC1lY2FhLTExZTYtOGY4OC0zNDM2M2JjN2M0YzAiOnsiY3JlYXRlIjoxMjAwMDAwMDAwMDAwLCJkZWxldGUiOjEyMDAwMDAwMDAwMDAsInVwZGF0ZSI6MTIwMDAwMDAwMDAwMH19",
          "dependencies": [
            "google_compute_network.vpc_network"
          ]
        }
      ]
    },
    {
      "mode": "managed",
      "type": "google_compute_subnetwork",
      "name": "restricted",
      "provider": "provider[\"registry.terraform.io/hashicorp/google\"]",
      "instances": [
        {
          "schema_version": 0,
          "attributes": {
            "creation_timestamp": "2023-02-18T07:13:31.760-08:00",
            "description": "",
            "external_ipv6_prefix": "",
            "fingerprint": null,
            "gateway_address": "10.0.1.1",
            "id": "projects/mostafa-salah-377213/regions/asia-east1/subnetworks/restricted",
            "ip_cidr_range": "10.0.1.0/24",
            "ipv6_access_type": "",
            "ipv6_cidr_range": "",
            "log_config": [],
            "name": "restricted",
            "network": "https://www.googleapis.com/compute/v1/projects/mostafa-salah-377213/global/networks/vpc-network",
            "private_ip_google_access": true,
            "private_ipv6_google_access": "DISABLE_GOOGLE_ACCESS",
            "project": "mostafa-salah-377213",
            "purpose": "PRIVATE",
            "region": "asia-east1",
            "role": "",
            "secondary_ip_range": [
              {
                "ip_cidr_range": "192.168.20.0/24",
                "range_name": "tf-test-secondary-range-update1"
              },
              {
                "ip_cidr_range": "10.8.0.0/14",
                "range_name": "gke-app-cluster-pods-1a26aafe"
              },
              {
                "ip_cidr_range": "10.12.0.0/20",
                "range_name": "gke-app-cluster-services-1a26aafe"
              }
            ],
            "self_link": "https://www.googleapis.com/compute/v1/projects/mostafa-salah-377213/regions/asia-east1/subnetworks/restricted",
            "stack_type": "IPV4_ONLY",
            "timeouts": null
          },
          "sensitive_attributes": [],
          "private": "eyJlMmJmYjczMC1lY2FhLTExZTYtOGY4OC0zNDM2M2JjN2M0YzAiOnsiY3JlYXRlIjoxMjAwMDAwMDAwMDAwLCJkZWxldGUiOjEyMDAwMDAwMDAwMDAsInVwZGF0ZSI6MTIwMDAwMDAwMDAwMH19",
          "dependencies": [
            "google_compute_network.vpc_network"
          ]
        }
      ]
    },
    {
      "mode": "managed",
      "type": "google_container_cluster",
      "name": "app_cluster",
      "provider": "provider[\"registry.terraform.io/hashicorp/google\"]",
      "instances": [
        {
          "schema_version": 1,
          "attributes": {
            "addons_config": [
              {
                "cloudrun_config": [],
                "config_connector_config": [],
                "dns_cache_config": [],
                "gce_persistent_disk_csi_driver_config": [
                  {
                    "enabled": true
                  }
                ],
                "gcp_filestore_csi_driver_config": [],
                "gke_backup_agent_config": [],
                "horizontal_pod_autoscaling": [],
                "http_load_balancing": [],
                "network_policy_config": [
                  {
                    "disabled": false
                  }
                ]
              }
            ],
            "authenticator_groups_config": [],
            "binary_authorization": [
              {
                "enabled": false,
                "evaluation_mode": ""
              }
            ],
            "cluster_autoscaling": [
              {
                "auto_provisioning_defaults": [],
                "enabled": false,
                "resource_limits": []
              }
            ],
            "cluster_ipv4_cidr": "10.8.0.0/14",
            "confidential_nodes": [],
            "cost_management_config": [],
            "database_encryption": [
              {
                "key_name": "",
                "state": "DECRYPTED"
              }
            ],
            "datapath_provider": "",
            "default_max_pods_per_node": 110,
            "default_snat_status": [
              {
                "disabled": false
              }
            ],
            "description": "",
            "dns_config": [],
            "enable_autopilot": false,
            "enable_binary_authorization": false,
            "enable_intranode_visibility": false,
            "enable_kubernetes_alpha": false,
            "enable_l4_ilb_subsetting": false,
            "enable_legacy_abac": false,
            "enable_shielded_nodes": true,
            "enable_tpu": false,
            "endpoint": "172.16.0.2",
            "gateway_api_config": [],
            "id": "projects/mostafa-salah-377213/locations/asia-east1/clusters/app-cluster",
            "initial_node_count": 2,
            "ip_allocation_policy": [
              {
                "cluster_ipv4_cidr_block": "10.8.0.0/14",
                "cluster_secondary_range_name": "gke-app-cluster-pods-1a26aafe",
                "services_ipv4_cidr_block": "10.12.0.0/20",
                "services_secondary_range_name": "gke-app-cluster-services-1a26aafe"
              }
            ],
            "label_fingerprint": "a9dc16a7",
            "location": "asia-east1",
            "logging_config": [
              {
                "enable_components": [
                  "SYSTEM_COMPONENTS",
                  "WORKLOADS"
                ]
              }
            ],
            "logging_service": "logging.googleapis.com/kubernetes",
            "maintenance_policy": [
              {
                "daily_maintenance_window": [
                  {
                    "duration": "PT4H0M0S",
                    "start_time": "02:00"
                  }
                ],
                "maintenance_exclusion": [],
                "recurring_window": []
              }
            ],
            "master_auth": [
              {
                "client_certificate": "",
                "client_certificate_config": [
                  {
                    "issue_client_certificate": false
                  }
                ],
                "client_key": "",
                "cluster_ca_certificate": "LS0tLS1CRUdJTiBDRVJUSUZJQ0FURS0tLS0tCk1JSUVMRENDQXBTZ0F3SUJBZ0lRYWVueG1KT2RnanYyNnM1djVxOTU2VEFOQmdrcWhraUc5dzBCQVFzRkFEQXYKTVMwd0t3WURWUVFERXlSbE1qSmtZVFkyT0MwMVpqa3lMVFEwTTJRdE9HVTFZUzAzWWpJME1EZ3lOV1ZrWkdRdwpJQmNOTWpNd01qSXdNVE14TnpVNFdoZ1BNakExTXpBeU1USXhOREUzTlRoYU1DOHhMVEFyQmdOVkJBTVRKR1V5Ck1tUmhOalk0TFRWbU9USXRORFF6WkMwNFpUVmhMVGRpTWpRd09ESTFaV1JrWkRDQ0FhSXdEUVlKS29aSWh2Y04KQVFFQkJRQURnZ0dQQURDQ0FZb0NnZ0dCQU5FMmJnd044MDdkdEw2cXhxeXdRR21CTVJJNzBkdTdxSzVuanFjdAp6ajlrNnFFWlRPMkQ4dTUwWE55SWt0dHkrWUdPcFdGNVo1ZXpTbi9MNW1RUlJEVEVxdldqNzRXOHlEcHhsaEh1CnlYUnZQcHR0UWJpazRqcklsQWM0RjZpeWVUL0pFL21KNTRza1JVUHNvNmV6MU5Bbmg0SjNERU5najVFbFg4c3MKZ2crQzlqbmNGazV0bWRpQ3JCSGMwZ2tPbFhCQlc3ZGNlZ1dMalhCM2M5My9OUmxpVzlBTCt0a0hlaXIrUDc4awp4ZDRmc3pQN1BCN3JEWEh5MUFuU3ZBNUpSZUVzbXBIelk2QVo1MGQ3aFIyOTcxbXFzRWZpdTZhOTNpa1JkdEVGCkMwYmkrOTJpZzN6UEM4aVFMdk1qcDJuK2xMOU01S0dlMlRsdHBJc2pMKzBUMWpQb0VDWnc0QUxDN3BqeENFWTkKa1NzWlJnTGgweXBpaWxTMUlVaTRpSGtUTHRSWHY5QTM3UTBoUzBYejU2TVJCY09YWFpBZkQ4MHgvNEsySEt6dwpVTzdIaXJGYUFmdmlGOUVkc1pFaE1EOFllajVYdm1yckh6SlhvWHBBdDAycStSUVJqUGtGUG9la2ZNazhFQmwwClp4V0NsSy8relFyYmgwWG0rbE5CdmU1SGV3SURBUUFCbzBJd1FEQU9CZ05WSFE4QkFmOEVCQU1DQWdRd0R3WUQKVlIwVEFRSC9CQVV3QXdFQi96QWRCZ05WSFE0RUZnUVVzRDAzZW5MdVlTNmp1UHRCRTRnazJrTmVSdm93RFFZSgpLb1pJaHZjTkFRRUxCUUFEZ2dHQkFGTzJpaHJnejY3bXRlMDVhZitubjJrbHdWWUZDL0hMcnk2SFRmWXo0Mk9ZCnV3VGQ5TEVVSzg2ZzkyM3RCWGF1WXZtNFZZdlA3QkNpSWJIMXZTa0tZNVlrb1lUeW0rVVBmRHpTc0NueXA0aGEKeHFiMFVXbVk4ellDNXlCWWJUYy9WVDBjS0RFWjgyYXZGaSt3YjVpOE5PRjliWVBzbldVWmF6NlNGRkFIa09XRwpwTU1aLzgrMjFyQWs0a3VHNDZuSGRDQmlwcDFUNEM0V05ibTNsWnRXWVdOQ3F1Tkl3dEthQ1lLRVpvYXZuSElHCmNzZ05nWndGTkNwTjkyVmVXTVRYRmNNN0lEWWJLTG9YQ1VTZ2NnTzVtZmxyZTJNaGZmM01HY2dYTm9McUh6dkEKUXg2QTdUNU9aWUFzbmowMXJmVHVnb3pzWCt0ck1IN2t5aUc0SmdKSzFKM2dyODJ5UkdVRlRNbTJ6MXdsVnRVeApsVWRYT0ZxK3FRS1psNVdjRjVkekM5TWIvZ0VGTzVkcWh4SCtFNDRxYXlMdWNDcWxSdzIwWDgxdkp2T3k5cmdkClhMNlZ5KzZRNEJSYjJ0bGdSYVpKei9Fai82blpPdnV1VzJOZFpXMTVBVGZiZ0hEK0E5SytTM1k2YXdjZ3RlemcKaFBhK2gvUE15RjBlcWVxd3BQV3JOZz09Ci0tLS0tRU5EIENFUlRJRklDQVRFLS0tLS0K"
              }
            ],
            "master_authorized_networks_config": [
              {
                "cidr_blocks": [
                  {
                    "cidr_block": "10.0.0.0/24",
                    "display_name": "External Control Plane access"
                  }
                ],
                "gcp_public_cidrs_access_enabled": false
              }
            ],
            "master_version": "1.23.14-gke.1800",
            "mesh_certificates": [],
            "min_master_version": null,
            "monitoring_config": [
              {
                "enable_components": [
                  "SYSTEM_COMPONENTS"
                ],
                "managed_prometheus": []
              }
            ],
            "monitoring_service": "monitoring.googleapis.com/kubernetes",
            "name": "app-cluster",
            "network": "projects/mostafa-salah-377213/global/networks/vpc-network",
            "network_policy": [
              {
                "enabled": true,
                "provider": ""
              }
            ],
            "networking_mode": "VPC_NATIVE",
            "node_config": [
              {
                "boot_disk_kms_key": "",
                "disk_size_gb": 10,
                "disk_type": "pd-standard",
                "gcfs_config": [],
                "guest_accelerator": [],
                "gvnic": [],
                "image_type": "COS_CONTAINERD",
                "kubelet_config": [],
                "labels": {
                  "cluster": "app-cluster"
                },
                "linux_node_config": [],
                "local_ssd_count": 0,
                "logging_variant": "DEFAULT",
                "machine_type": "e2-medium",
                "metadata": {
                  "disable-legacy-endpoints": "true",
                  "google-compute-enable-virtio-rng": "true"
                },
                "min_cpu_platform": "",
                "node_group": "",
                "oauth_scopes": [
                  "https://www.googleapis.com/auth/cloud-platform"
                ],
                "preemptible": true,
                "reservation_affinity": [],
                "resource_labels": {},
                "service_account": "gcr-service@mostafa-salah-377213.iam.gserviceaccount.com",
                "shielded_instance_config": [
                  {
                    "enable_integrity_monitoring": true,
                    "enable_secure_boot": true
                  }
                ],
                "spot": false,
                "tags": [],
                "taint": [],
                "workload_metadata_config": []
              }
            ],
            "node_locations": [
              "asia-east1-a",
              "asia-east1-b",
              "asia-east1-c"
            ],
            "node_pool": [
              {
                "autoscaling": [
                  {
                    "location_policy": "",
                    "max_node_count": 1,
                    "min_node_count": 1,
                    "total_max_node_count": 0,
                    "total_min_node_count": 0
                  }
                ],
                "initial_node_count": 1,
                "instance_group_urls": [
                  "https://www.googleapis.com/compute/v1/projects/mostafa-salah-377213/zones/asia-east1-b/instanceGroupManagers/gke-app-cluster-app-cluster--linux-no-02fb62c9-grp"
                ],
                "managed_instance_group_urls": [
                  "https://www.googleapis.com/compute/v1/projects/mostafa-salah-377213/zones/asia-east1-b/instanceGroups/gke-app-cluster-app-cluster--linux-no-02fb62c9-grp"
                ],
                "management": [
                  {
                    "auto_repair": true,
                    "auto_upgrade": true
                  }
                ],
                "max_pods_per_node": 100,
                "name": "app-cluster--linux-node-pool",
                "name_prefix": "",
                "network_config": [
                  {
                    "create_pod_range": false,
                    "enable_private_nodes": false,
                    "pod_ipv4_cidr_block": "10.8.0.0/14",
                    "pod_range": "gke-app-cluster-pods-1a26aafe"
                  }
                ],
                "node_config": [
                  {
                    "boot_disk_kms_key": "",
                    "disk_size_gb": 10,
                    "disk_type": "pd-standard",
                    "gcfs_config": [],
                    "guest_accelerator": [],
                    "gvnic": [],
                    "image_type": "COS_CONTAINERD",
                    "kubelet_config": [],
                    "labels": {
                      "cluster": "app-cluster"
                    },
                    "linux_node_config": [],
                    "local_ssd_count": 0,
                    "logging_variant": "DEFAULT",
                    "machine_type": "e2-medium",
                    "metadata": {
                      "disable-legacy-endpoints": "true",
                      "google-compute-enable-virtio-rng": "true"
                    },
                    "min_cpu_platform": "",
                    "node_group": "",
                    "oauth_scopes": [
                      "https://www.googleapis.com/auth/cloud-platform"
                    ],
                    "preemptible": true,
                    "reservation_affinity": [],
                    "resource_labels": {},
                    "service_account": "gcr-service@mostafa-salah-377213.iam.gserviceaccount.com",
                    "shielded_instance_config": [
                      {
                        "enable_integrity_monitoring": true,
                        "enable_secure_boot": true
                      }
                    ],
                    "spot": false,
                    "tags": [],
                    "taint": [],
                    "workload_metadata_config": []
                  }
                ],
                "node_count": 1,
                "node_locations": [
                  "asia-east1-b"
                ],
                "placement_policy": [],
                "upgrade_settings": [
                  {
                    "blue_green_settings": [],
                    "max_surge": 1,
                    "max_unavailable": 1,
                    "strategy": "SURGE"
                  }
                ],
                "version": "1.23.14-gke.1800"
              }
            ],
            "node_pool_defaults": [
              {
                "node_config_defaults": [
                  {
                    "logging_variant": "DEFAULT"
                  }
                ]
              }
            ],
            "node_version": "1.23.14-gke.1800",
            "notification_config": [
              {
                "pubsub": [
                  {
                    "enabled": false,
                    "filter": [],
                    "topic": ""
                  }
                ]
              }
            ],
            "operation": null,
            "private_cluster_config": [
              {
                "enable_private_endpoint": true,
                "enable_private_nodes": true,
                "master_global_access_config": [
                  {
                    "enabled": false
                  }
                ],
                "master_ipv4_cidr_block": "172.16.0.0/28",
                "peering_name": "gke-na2933ab015ff2845e00-2b22-ab92-peer",
                "private_endpoint": "172.16.0.2",
                "private_endpoint_subnetwork": "",
                "public_endpoint": "35.236.143.153"
              }
            ],
            "private_ipv6_google_access": "",
            "project": "mostafa-salah-377213",
            "release_channel": [
              {
                "channel": "STABLE"
              }
            ],
            "remove_default_node_pool": true,
            "resource_labels": {},
            "resource_usage_export_config": [],
            "self_link": "https://container.googleapis.com/v1/projects/mostafa-salah-377213/locations/asia-east1/clusters/app-cluster",
            "service_external_ips_config": [
              {
                "enabled": false
              }
            ],
            "services_ipv4_cidr": "10.12.0.0/20",
            "subnetwork": "projects/mostafa-salah-377213/regions/asia-east1/subnetworks/restricted",
            "timeouts": null,
            "tpu_ipv4_cidr_block": "",
            "vertical_pod_autoscaling": [],
            "workload_identity_config": []
          },
          "sensitive_attributes": [],
          "private": "eyJlMmJmYjczMC1lY2FhLTExZTYtOGY4OC0zNDM2M2JjN2M0YzAiOnsiY3JlYXRlIjoyNDAwMDAwMDAwMDAwLCJkZWxldGUiOjI0MDAwMDAwMDAwMDAsInJlYWQiOjI0MDAwMDAwMDAwMDAsInVwZGF0ZSI6MzYwMDAwMDAwMDAwMH0sInNjaGVtYV92ZXJzaW9uIjoiMSJ9",
          "dependencies": [
            "google_compute_network.vpc_network",
            "google_compute_subnetwork.managment",
            "google_compute_subnetwork.restricted"
          ]
        }
      ]
    }
  ],
  "check_results": null
}
